// !$*UTF8*$!
{
	archiveVersion = 1;
	classes = {
	};
	objectVersion = 46;
	objects = {

/* Begin PBXBuildFile section */
		8613DDB41E3766DE00E88F16 /* CKShimmerLabel.m in Sources */ = {isa = PBXBuildFile; fileRef = 8613DDB31E3766DE00E88F16 /* CKShimmerLabel.m */; };
		866D8D0E1E2F56B200BFE4B0 /* main.m in Sources */ = {isa = PBXBuildFile; fileRef = 866D8D0D1E2F56B200BFE4B0 /* main.m */; };
		866D8D111E2F56B200BFE4B0 /* AppDelegate.m in Sources */ = {isa = PBXBuildFile; fileRef = 866D8D101E2F56B200BFE4B0 /* AppDelegate.m */; };
		866D8D141E2F56B200BFE4B0 /* ViewController.m in Sources */ = {isa = PBXBuildFile; fileRef = 866D8D131E2F56B200BFE4B0 /* ViewController.m */; };
		866D8D171E2F56B200BFE4B0 /* Main.storyboard in Resources */ = {isa = PBXBuildFile; fileRef = 866D8D151E2F56B200BFE4B0 /* Main.storyboard */; };
		866D8D1C1E2F56B200BFE4B0 /* LaunchScreen.storyboard in Resources */ = {isa = PBXBuildFile; fileRef = 866D8D1A1E2F56B200BFE4B0 /* LaunchScreen.storyboard */; };
		866D8D291E2F587000BFE4B0 /* PropertyAnimation.m in Sources */ = {isa = PBXBuildFile; fileRef = 866D8D281E2F587000BFE4B0 /* PropertyAnimation.m */; };
		8699EA631E2F651A00CBEC60 /* Assets.xcassets in Resources */ = {isa = PBXBuildFile; fileRef = 8699EA621E2F651A00CBEC60 /* Assets.xcassets */; };
/* End PBXBuildFile section */

/* Begin PBXFileReference section */
		8613DDB21E3766DE00E88F16 /* CKShimmerLabel.h */ = {isa = PBXFileReference; fileEncoding = 4; lastKnownFileType = sourcecode.c.h; path = CKShimmerLabel.h; sourceTree = "<group>"; };
		8613DDB31E3766DE00E88F16 /* CKShimmerLabel.m */ = {isa = PBXFileReference; fileEncoding = 4; lastKnownFileType = sourcecode.c.objc; path = CKShimmerLabel.m; sourceTree = "<group>"; };
		866D8D091E2F56B200BFE4B0 /* ExplainAnimation.app */ = {isa = PBXFileReference; explicitFileType = wrapper.application; includeInIndex = 0; path = ExplainAnimation.app; sourceTree = BUILT_PRODUCTS_DIR; };
		866D8D0D1E2F56B200BFE4B0 /* main.m */ = {isa = PBXFileReference; lastKnownFileType = sourcecode.c.objc; path = main.m; sourceTree = "<group>"; };
		866D8D0F1E2F56B200BFE4B0 /* AppDelegate.h */ = {isa = PBXFileReference; lastKnownFileType = sourcecode.c.h; path = AppDelegate.h; sourceTree = "<group>"; };
		866D8D101E2F56B200BFE4B0 /* AppDelegate.m */ = {isa = PBXFileReference; lastKnownFileType = sourcecode.c.objc; path = AppDelegate.m; sourceTree = "<group>"; };
		866D8D121E2F56B200BFE4B0 /* ViewController.h */ = {isa = PBXFileReference; lastKnownFileType = sourcecode.c.h; path = ViewController.h; sourceTree = "<group>"; };
		866D8D131E2F56B200BFE4B0 /* ViewController.m */ = {isa = PBXFileReference; lastKnownFileType = sourcecode.c.objc; path = ViewController.m; sourceTree = "<group>"; };
		866D8D161E2F56B200BFE4B0 /* Base */ = {isa = PBXFileReference; lastKnownFileType = file.storyboard; name = Base; path = Base.lproj/Main.storyboard; sourceTree = "<group>"; };
		866D8D1B1E2F56B200BFE4B0 /* Base */ = {isa = PBXFileReference; lastKnownFileType = file.storyboard; name = Base; path = Base.lproj/LaunchScreen.storyboard; sourceTree = "<group>"; };
		866D8D1D1E2F56B200BFE4B0 /* Info.plist */ = {isa = PBXFileReference; lastKnownFileType = text.plist.xml; path = Info.plist; sourceTree = "<group>"; };
		866D8D271E2F587000BFE4B0 /* PropertyAnimation.h */ = {isa = PBXFileReference; fileEncoding = 4; lastKnownFileType = sourcecode.c.h; path = PropertyAnimation.h; sourceTree = "<group>"; };
		866D8D281E2F587000BFE4B0 /* PropertyAnimation.m */ = {isa = PBXFileReference; fileEncoding = 4; lastKnownFileType = sourcecode.c.objc; path = PropertyAnimation.m; sourceTree = "<group>"; };
		8699EA621E2F651A00CBEC60 /* Assets.xcassets */ = {isa = PBXFileReference; lastKnownFileType = folder.assetcatalog; path = Assets.xcassets; sourceTree = "<group>"; };
/* End PBXFileReference section */

/* Begin PBXFrameworksBuildPhase section */
		866D8D061E2F56B200BFE4B0 /* Frameworks */ = {
			isa = PBXFrameworksBuildPhase;
			buildActionMask = 2147483647;
			files = (
			);
			runOnlyForDeploymentPostprocessing = 0;
		};
/* End PBXFrameworksBuildPhase section */

/* Begin PBXGroup section */
		8613DDB11E3766DE00E88F16 /* CKShimmerLabel */ = {
			isa = PBXGroup;
			children = (
				8613DDB21E3766DE00E88F16 /* CKShimmerLabel.h */,
				8613DDB31E3766DE00E88F16 /* CKShimmerLabel.m */,
			);
			path = CKShimmerLabel;
			sourceTree = "<group>";
		};
		866D8D001E2F56B200BFE4B0 = {
			isa = PBXGroup;
			children = (
				866D8D0B1E2F56B200BFE4B0 /* ExplainAnimation */,
				866D8D0A1E2F56B200BFE4B0 /* Products */,
			);
			sourceTree = "<group>";
		};
		866D8D0A1E2F56B200BFE4B0 /* Products */ = {
			isa = PBXGroup;
			children = (
				866D8D091E2F56B200BFE4B0 /* ExplainAnimation.app */,
			);
			name = Products;
			sourceTree = "<group>";
		};
		866D8D0B1E2F56B200BFE4B0 /* ExplainAnimation */ = {
			isa = PBXGroup;
			children = (
				8613DDB11E3766DE00E88F16 /* CKShimmerLabel */,
				866D8D261E2F587000BFE4B0 /* PropertyAnimation */,
				866D8D0F1E2F56B200BFE4B0 /* AppDelegate.h */,
				866D8D101E2F56B200BFE4B0 /* AppDelegate.m */,
				866D8D121E2F56B200BFE4B0 /* ViewController.h */,
				866D8D131E2F56B200BFE4B0 /* ViewController.m */,
				866D8D151E2F56B200BFE4B0 /* Main.storyboard */,
				866D8D1A1E2F56B200BFE4B0 /* LaunchScreen.storyboard */,
				8699EA621E2F651A00CBEC60 /* Assets.xcassets */,
				866D8D1D1E2F56B200BFE4B0 /* Info.plist */,
				866D8D0C1E2F56B200BFE4B0 /* Supporting Files */,
			);
			path = ExplainAnimation;
			sourceTree = "<group>";
		};
		866D8D0C1E2F56B200BFE4B0 /* Supporting Files */ = {
			isa = PBXGroup;
			children = (
				866D8D0D1E2F56B200BFE4B0 /* main.m */,
			);
			name = "Supporting Files";
			sourceTree = "<group>";
		};
		866D8D261E2F587000BFE4B0 /* PropertyAnimation */ = {
			isa = PBXGroup;
			children = (
				866D8D271E2F587000BFE4B0 /* PropertyAnimation.h */,
				866D8D281E2F587000BFE4B0 /* PropertyAnimation.m */,
			);
			path = PropertyAnimation;
			sourceTree = "<group>";
		};
/* End PBXGroup section */

/* Begin PBXNativeTarget section */
		866D8D081E2F56B200BFE4B0 /* ExplainAnimation */ = {
			isa = PBXNativeTarget;
			buildConfigurationList = 866D8D201E2F56B200BFE4B0 /* Build configuration list for PBXNativeTarget "ExplainAnimation" */;
			buildPhases = (
				866D8D051E2F56B200BFE4B0 /* Sources */,
				866D8D061E2F56B200BFE4B0 /* Frameworks */,
				866D8D071E2F56B200BFE4B0 /* Resources */,
			);
			buildRules = (
			);
			dependencies = (
			);
			name = ExplainAnimation;
			productName = ExplainAnimation;
			productReference = 866D8D091E2F56B200BFE4B0 /* ExplainAnimation.app */;
			productType = "com.apple.product-type.application";
		};
/* End PBXNativeTarget section */

/* Begin PBXProject section */
		866D8D011E2F56B200BFE4B0 /* Project object */ = {
			isa = PBXProject;
			attributes = {
				LastUpgradeCheck = 0810;
				ORGANIZATIONNAME = 13lipengyue;
				TargetAttributes = {
					866D8D081E2F56B200BFE4B0 = {
						CreatedOnToolsVersion = 8.1;
						ProvisioningStyle = Automatic;
					};
				};
			};
			buildConfigurationList = 866D8D041E2F56B200BFE4B0 /* Build configuration list for PBXProject "ExplainAnimation" */;
			compatibilityVersion = "Xcode 3.2";
			developmentRegion = English;
			hasScannedForEncodings = 0;
			knownRegions = (
				en,
				Base,
			);
			mainGroup = 866D8D001E2F56B200BFE4B0;
			productRefGroup = 866D8D0A1E2F56B200BFE4B0 /* Products */;
			projectDirPath = "";
			projectRoot = "";
			targets = (
				866D8D081E2F56B200BFE4B0 /* ExplainAnimation */,
			);
		};
/* End PBXProject section */

/* Begin PBXResourcesBuildPhase section */
		866D8D071E2F56B200BFE4B0 /* Resources */ = {
			isa = PBXResourcesBuildPhase;
			buildActionMask = 2147483647;
			files = (
				866D8D1C1E2F56B200BFE4B0 /* LaunchScreen.storyboard in Resources */,
				8699EA631E2F651A00CBEC60 /* Assets.xcassets in Resources */,
				866D8D171E2F56B200BFE4B0 /* Main.storyboard in Resources */,
			);
			runOnlyForDeploymentPostprocessing = 0;
		};
/* End PBXResourcesBuildPhase section */

/* Begin PBXSourcesBuildPhase section */
		866D8D051E2F56B200BFE4B0 /* Sources */ = {
			isa = PBXSourcesBuildPhase;
			buildActionMask = 2147483647;
			files = (
				866D8D141E2F56B200BFE4B0 /* ViewController.m in Sources */,
				866D8D111E2F56B200BFE4B0 /* AppDelegate.m in Sources */,
				866D8D0E1E2F56B200BFE4B0 /* main.m in Sources */,
				866D8D291E2F587000BFE4B0 /* PropertyAnimation.m in Sources */,
				8613DDB41E3766DE00E88F16 /* CKShimmerLabel.m in Sources */,
			);
			runOnlyForDeploymentPostprocessing = 0;
		};
/* End PBXSourcesBuildPhase section */

/* Begin PBXVariantGroup section */
		866D8D151E2F56B200BFE4B0 /* Main.storyboard */ = {
			isa = PBXVariantGroup;
			children = (
				866D8D161E2F56B200BFE4B0 /* Base */,
			);
			name = Main.storyboard;
			sourceTree = "<group>";
		};
		866D8D1A1E2F56B200BFE4B0 /* LaunchScreen.storyboard */ = {
			isa = PBXVariantGroup;
			children = (
				866D8D1B1E2F56B200BFE4B0 /* Base */,
			);
			name = LaunchScreen.storyboard;
			sourceTree = "<group>";
		};
/* End PBXVariantGroup section */

/* Begin XCBuildConfiguration section */
		866D8D1E1E2F56B200BFE4B0 /* Debug */ = {
			isa = XCBuildConfiguration;
			buildSettings = {
				ALWAYS_SEARCH_USER_PATHS = NO;
				CLANG_ANALYZER_NONNULL = YES;
				CLANG_CXX_LANGUAGE_STANDARD = "gnu++0x";
				CLANG_CXX_LIBRARY = "libc++";
				CLANG_ENABLE_MODULES = YES;
				CLANG_ENABLE_OBJC_ARC = YES;
				CLANG_WARN_BOOL_CONVERSION = YES;
				CLANG_WARN_CONSTANT_CONVERSION = YES;
				CLANG_WARN_DIRECT_OBJC_ISA_USAGE = YES_ERROR;
				CLANG_WARN_DOCUMENTATION_COMMENTS = YES;
				CLANG_WARN_EMPTY_BODY = YES;
				CLANG_WARN_ENUM_CONVERSION = YES;
				CLANG_WARN_INFINITE_RECURSION = YES;
				CLANG_WARN_INT_CONVERSION = YES;
				CLANG_WARN_OBJC_ROOT_CLASS = YES_ERROR;
				CLANG_WARN_SUSPICIOUS_MOVES = YES;
				CLANG_WARN_UNREACHABLE_CODE = YES;
				CLANG_WARN__DUPLICATE_METHOD_MATCH = YES;
				"CODE_SIGN_IDENTITY[sdk=iphoneos*]" = "iPhone Developer";
				COPY_PHASE_STRIP = NO;
				DEBUG_INFORMATION_FORMAT = dwarf;
				ENABLE_STRICT_OBJC_MSGSEND = YES;
				ENABLE_TESTABILITY = YES;
				GCC_C_LANGUAGE_STANDARD = gnu99;
				GCC_DYNAMIC_NO_PIC = NO;
				GCC_NO_COMMON_BLOCKS = YES;
				GCC_OPTIMIZATION_LEVEL = 0;
				GCC_PREPROCESSOR_DEFINITIONS = (
					"DEBUG=1",
					"$(inherited)",
				);
				GCC_WARN_64_TO_32_BIT_CONVERSION = YES;
				GCC_WARN_ABOUT_RETURN_TYPE = YES_ERROR;
				GCC_WARN_UNDECLARED_SELECTOR = YES;
				GCC_WARN_UNINITIALIZED_AUTOS = YES_AGGRESSIVE;
				GCC_WARN_UNUSED_FUNCTION = YES;
				GCC_WARN_UNUSED_VARIABLE = YES;
				IPHONEOS_DEPLOYMENT_TARGET = 10.1;
				MTL_ENABLE_DEBUG_INFO = YES;
				ONLY_ACTIVE_ARCH = YES;
				SDKROOT = iphoneos;
			};
			name = Debug;
		};
		866D8D1F1E2F56B200BFE4B0 /* Release */ = {
			isa = XCBuildConfiguration;
			buildSettings = {
				ALWAYS_SEARCH_USER_PATHS = NO;
				CLANG_ANALYZER_NONNULL = YES;
				CLANG_CXX_LANGUAGE_STANDARD = "gnu++0x";
				CLANG_CXX_LIBRARY = "libc++";
				CLANG_ENABLE_MODULES = YES;
				CLANG_ENABLE_OBJC_ARC = YES;
				CLANG_WARN_BOOL_CONVERSION = YES;
				CLANG_WARN_CONSTANT_CONVERSION = YES;
				CLANG_WARN_DIRECT_OBJC_ISA_USAGE = YES_ERROR;
				CLANG_WARN_DOCUMENTATION_COMMENTS = YES;
				CLANG_WARN_EMPTY_BODY = YES;
				CLANG_WARN_ENUM_CONVERSION = YES;
				CLANG_WARN_INFINITE_RECURSION = YES;
				CLANG_WARN_INT_CONVERSION = YES;
				CLANG_WARN_OBJC_ROOT_CLASS = YES_ERROR;
				CLANG_WARN_SUSPICIOUS_MOVES = YES;
				CLANG_WARN_UNREACHABLE_CODE = YES;
				CLANG_WARN__DUPLICATE_METHOD_MATCH = YES;
				"CODE_SIGN_IDENTITY[sdk=iphoneos*]" = "iPhone Developer";
				COPY_PHASE_STRIP = NO;
				DEBUG_INFORMATION_FORMAT = "dwarf-with-dsym";
				ENABLE_NS_ASSERTIONS = NO;
				ENABLE_STRICT_OBJC_MSGSEND = YES;
				GCC_C_LANGUAGE_STANDARD = gnu99;
				GCC_NO_COMMON_BLOCKS = YES;
				GCC_WARN_64_TO_32_BIT_CONVERSION = YES;
				GCC_WARN_ABOUT_RETURN_TYPE = YES_ERROR;
				GCC_WARN_UNDECLARED_SELECTOR = YES;
				GCC_WARN_UNINITIALIZED_AUTOS = YES_AGGRESSIVE;
				GCC_WARN_UNUSED_FUNCTION = YES;
				GCC_WARN_UNUSED_VARIABLE = YES;
				IPHONEOS_DEPLOYMENT_TARGET = 10.1;
				MTL_ENABLE_DEBUG_INFO = NO;
				SDKROOT = iphoneos;
				VALIDATE_PRODUCT = YES;
			};
			name = Release;
		};
		866D8D211E2F56B200BFE4B0 /* Debug */ = {
			isa = XCBuildConfiguration;
			buildSettings = {
				ASSETCATALOG_COMPILER_APPICON_NAME = AppIcon;
				INFOPLIST_FILE = ExplainAnimation/Info.plist;
				IPHONEOS_DEPLOYMENT_TARGET = 9.1;
				LD_RUNPATH_SEARCH_PATHS = "$(inherited) @executable_path/Frameworks";
				PRODUCT_BUNDLE_IDENTIFIER = yuelipen.ExplainAnimation;
				PRODUCT_NAME = "$(TARGET_NAME)";
			};
			name = Debug;
		};
		866D8D221E2F56B200BFE4B0 /* Release */ = {
			isa = XCBuildConfiguration;
			buildSettings = {
				ASSETCATALOG_COMPILER_APPICON_NAME = AppIcon;
				INFOPLIST_FILE = ExplainAnimation/Info.plist;
				IPHONEOS_DEPLOYMENT_TARGET = 9.1;
				LD_RUNPATH_SEARCH_PATHS = "$(inherited) @executable_path/Frameworks";
				PRODUCT_BUNDLE_IDENTIFIER = yuelipen.ExplainAnimation;
				PRODUCT_NAME = "$(TARGET_NAME)";
			};
			name = Release;
		};
/* End XCBuildConfiguration section */

/* Begin XCConfigurationList section */
		866D8D041E2F56B200BFE4B0 /* Build configuration list for PBXProject "ExplainAnimation" */ = {
			isa = XCConfigurationList;
			buildConfigurations = (
				866D8D1E1E2F56B200BFE4B0 /* Debug */,
				866D8D1F1E2F56B200BFE4B0 /* Release */,
			);
			defaultConfigurationIsVisible = 0;
			defaultConfigurationName = Release;
		};
		866D8D201E2F56B200BFE4B0 /* Build configuration list for PBXNativeTarget "ExplainAnimation" */ = {
			isa = XCConfigurationList;
			buildConfigurations = (
				866D8D211E2F56B200BFE4B0 /* Debug */,
				866D8D221E2F56B200BFE4B0 /* Release */,
			);
			defaultConfigurationIsVisible = 0;
			defaultConfigurationName = Release;
		};
/* End XCConfigurationList section */
	};
	rootObject = 866D8D011E2F56B200BFE4B0 /* Project object */;
}
